PODS:
  - device_info_plus (0.0.1):
    - Flutter
  - Flutter (1.0.0)
  - flutter_local_notifications (0.0.1):
    - Flutter
  - health (1.0.4):
    - Flutter
  - MivaltaRustBridge (0.1.0)

DEPENDENCIES:
  - device_info_plus (from `.symlinks/plugins/device_info_plus/ios`)
  - Flutter (from `Flutter`)
  - flutter_local_notifications (from `.symlinks/plugins/flutter_local_notifications/ios`)
  - health (from `.symlinks/plugins/health/ios`)
  - MivaltaRustBridge (from `./Frameworks/MivaltaRustBridge`)

EXTERNAL SOURCES:
  device_info_plus:
    :path: ".symlinks/plugins/device_info_plus/ios"
  Flutter:
    :path: Flutter
  flutter_local_notifications:
    :path: ".symlinks/plugins/flutter_local_notifications/ios"
  health:
    :path: ".symlinks/plugins/health/ios"
  MivaltaRustBridge:
    :path: "./Frameworks/MivaltaRustBridge"

SPEC CHECKSUMS:
  device_info_plus: 71ffc6ab7634ade6267c7a93088ed7e4f74e5896
  Flutter: cabc95a1d2626b1b06e7179b784ebcf0c0cde467
  flutter_local_notifications: 395056b3175ba4f08480a7c5de30cd36d69827e4
  health: a4ddeac72091000e94776864d0028f6be31ec7a5
  MivaltaRustBridge: ac2ecb1e66aca9ecde10bfdf276fb6f638b57d8a

PODFILE CHECKSUM: 37d51ba363080e89cdc6ce4c54ae6bd7eff38b21

COCOAPODS: 1.16.2
